// !$*UTF8*$!
{
	archiveVersion = 1;
	classes = {
	};
	objectVersion = 55;
	objects = {

/* Begin PBXBuildFile section */
		06B5169228AD4D8200CE9F7E /* ExtensionDate.swift in Sources */ = {isa = PBXBuildFile; fileRef = 06B5169128AD4D8200CE9F7E /* ExtensionDate.swift */; };
		06B5169828AD4E3500CE9F7E /* PersonView.swift in Sources */ = {isa = PBXBuildFile; fileRef = 06B5169728AD4E3500CE9F7E /* PersonView.swift */; };
		06B5169C28AD50E900CE9F7E /* CreatePersonView.swift in Sources */ = {isa = PBXBuildFile; fileRef = 06B5169B28AD50E900CE9F7E /* CreatePersonView.swift */; };
		06B5169E28AD51F800CE9F7E /* CreatePersonViewController.swift in Sources */ = {isa = PBXBuildFile; fileRef = 06B5169D28AD51F800CE9F7E /* CreatePersonViewController.swift */; };
		06EC22CE28C4BC3F001E8AC1 /* Realm in Frameworks */ = {isa = PBXBuildFile; productRef = 06EC22CD28C4BC3F001E8AC1 /* Realm */; };
		7D68E32528A24C4400A62BC6 /* ExampleTwoView.swift in Sources */ = {isa = PBXBuildFile; fileRef = 7D68E32428A24C4400A62BC6 /* ExampleTwoView.swift */; };
		7D68E32728A24C5300A62BC6 /* ExampleTwoViewModel.swift in Sources */ = {isa = PBXBuildFile; fileRef = 7D68E32628A24C5300A62BC6 /* ExampleTwoViewModel.swift */; };
		7D68E32928A24C5E00A62BC6 /* ExampleTwoModel.swift in Sources */ = {isa = PBXBuildFile; fileRef = 7D68E32828A24C5E00A62BC6 /* ExampleTwoModel.swift */; };
		7D74A5FE28A1A1EA009C4C70 /* AppDelegate.swift in Sources */ = {isa = PBXBuildFile; fileRef = 7D74A5FD28A1A1EA009C4C70 /* AppDelegate.swift */; };
		7D74A60028A1A1EA009C4C70 /* SceneDelegate.swift in Sources */ = {isa = PBXBuildFile; fileRef = 7D74A5FF28A1A1EA009C4C70 /* SceneDelegate.swift */; };
		7D74A60728A1A1ED009C4C70 /* Assets.xcassets in Resources */ = {isa = PBXBuildFile; fileRef = 7D74A60628A1A1ED009C4C70 /* Assets.xcassets */; };
		7D74A60A28A1A1ED009C4C70 /* LaunchScreen.storyboard in Resources */ = {isa = PBXBuildFile; fileRef = 7D74A60828A1A1ED009C4C70 /* LaunchScreen.storyboard */; };
		7D74A61528A1A2AF009C4C70 /* ExampleViewModel.swift in Sources */ = {isa = PBXBuildFile; fileRef = 7D74A61428A1A2AF009C4C70 /* ExampleViewModel.swift */; };
		7D74A61728A1A2CC009C4C70 /* ExampleModel.swift in Sources */ = {isa = PBXBuildFile; fileRef = 7D74A61628A1A2CC009C4C70 /* ExampleModel.swift */; };
		7D74A61928A1A2DC009C4C70 /* ExampleView.swift in Sources */ = {isa = PBXBuildFile; fileRef = 7D74A61828A1A2DC009C4C70 /* ExampleView.swift */; };
		7D74A61B28A1A2E9009C4C70 /* ModuleBuilder.swift in Sources */ = {isa = PBXBuildFile; fileRef = 7D74A61A28A1A2E9009C4C70 /* ModuleBuilder.swift */; };
		7D74A61E28A1A432009C4C70 /* NetworkManager.swift in Sources */ = {isa = PBXBuildFile; fileRef = 7D74A61D28A1A432009C4C70 /* NetworkManager.swift */; };
		7D74A62428A1AEB4009C4C70 /* Extensions.swift in Sources */ = {isa = PBXBuildFile; fileRef = 7D74A62328A1AEB4009C4C70 /* Extensions.swift */; };
		7DA63A9C28A78F010050E9F3 /* StorageManager.swift in Sources */ = {isa = PBXBuildFile; fileRef = 7DA63A9B28A78F010050E9F3 /* StorageManager.swift */; };
		D62B519428B911DB00BD8421 /* Onboarding.swift in Sources */ = {isa = PBXBuildFile; fileRef = D62B519328B911DB00BD8421 /* Onboarding.swift */; };
		D62B519728B9122400BD8421 /* OnboardingView.swift in Sources */ = {isa = PBXBuildFile; fileRef = D62B519628B9122400BD8421 /* OnboardingView.swift */; };
		D62B519928B9125200BD8421 /* OnboardingContentViewCell.swift in Sources */ = {isa = PBXBuildFile; fileRef = D62B519828B9125200BD8421 /* OnboardingContentViewCell.swift */; };
		D62B519C28B912A000BD8421 /* OnboardingViewModel.swift in Sources */ = {isa = PBXBuildFile; fileRef = D62B519B28B912A000BD8421 /* OnboardingViewModel.swift */; };
		D67FE11128B9019800F0D7B6 /* OnboardingModuleBuilder.swift in Sources */ = {isa = PBXBuildFile; fileRef = D67FE11028B9019800F0D7B6 /* OnboardingModuleBuilder.swift */; };
		FA1F095B28AFA5050068FBCA /* Alert.swift in Sources */ = {isa = PBXBuildFile; fileRef = FA1F095A28AFA5050068FBCA /* Alert.swift */; };
		FAF5FE5E28A3948100E0913E /* AuthorizationViewController.swift in Sources */ = {isa = PBXBuildFile; fileRef = FAF5FE5D28A3948100E0913E /* AuthorizationViewController.swift */; };
		FAF5FE6028A446AB00E0913E /* RegistrationViewController.swift in Sources */ = {isa = PBXBuildFile; fileRef = FAF5FE5F28A446AB00E0913E /* RegistrationViewController.swift */; };
		FAF5FE6328A4491900E0913E /* Metric.swift in Sources */ = {isa = PBXBuildFile; fileRef = FAF5FE6228A4491900E0913E /* Metric.swift */; };
		FAF5FE6628A44A3000E0913E /* ModuleBuilderTabBarConrolers.swift in Sources */ = {isa = PBXBuildFile; fileRef = FAF5FE6528A44A3000E0913E /* ModuleBuilderTabBarConrolers.swift */; };
		FAF5FE6828A44B2100E0913E /* LessonViewController.swift in Sources */ = {isa = PBXBuildFile; fileRef = FAF5FE6728A44B2100E0913E /* LessonViewController.swift */; };
		FAF5FE6A28A44BC400E0913E /* SearchViewController.swift in Sources */ = {isa = PBXBuildFile; fileRef = FAF5FE6928A44BC400E0913E /* SearchViewController.swift */; };
		FAF5FE6C28A44C9000E0913E /* CalendarViewController.swift in Sources */ = {isa = PBXBuildFile; fileRef = FAF5FE6B28A44C9000E0913E /* CalendarViewController.swift */; };
		FAF5FE6E28A44D3400E0913E /* PersonViewController.swift in Sources */ = {isa = PBXBuildFile; fileRef = FAF5FE6D28A44D3400E0913E /* PersonViewController.swift */; };
/* End PBXBuildFile section */

/* Begin PBXFileReference section */
		06B5169128AD4D8200CE9F7E /* ExtensionDate.swift */ = {isa = PBXFileReference; lastKnownFileType = sourcecode.swift; path = ExtensionDate.swift; sourceTree = "<group>"; };
		06B5169728AD4E3500CE9F7E /* PersonView.swift */ = {isa = PBXFileReference; lastKnownFileType = sourcecode.swift; path = PersonView.swift; sourceTree = "<group>"; };
		06B5169B28AD50E900CE9F7E /* CreatePersonView.swift */ = {isa = PBXFileReference; lastKnownFileType = sourcecode.swift; path = CreatePersonView.swift; sourceTree = "<group>"; };
		06B5169D28AD51F800CE9F7E /* CreatePersonViewController.swift */ = {isa = PBXFileReference; lastKnownFileType = sourcecode.swift; path = CreatePersonViewController.swift; sourceTree = "<group>"; };
		7D68E32428A24C4400A62BC6 /* ExampleTwoView.swift */ = {isa = PBXFileReference; lastKnownFileType = sourcecode.swift; path = ExampleTwoView.swift; sourceTree = "<group>"; };
		7D68E32628A24C5300A62BC6 /* ExampleTwoViewModel.swift */ = {isa = PBXFileReference; lastKnownFileType = sourcecode.swift; path = ExampleTwoViewModel.swift; sourceTree = "<group>"; };
		7D68E32828A24C5E00A62BC6 /* ExampleTwoModel.swift */ = {isa = PBXFileReference; lastKnownFileType = sourcecode.swift; path = ExampleTwoModel.swift; sourceTree = "<group>"; };
		7D74A5FA28A1A1EA009C4C70 /* MobDevFactoryApp.app */ = {isa = PBXFileReference; explicitFileType = wrapper.application; includeInIndex = 0; path = MobDevFactoryApp.app; sourceTree = BUILT_PRODUCTS_DIR; };
		7D74A5FD28A1A1EA009C4C70 /* AppDelegate.swift */ = {isa = PBXFileReference; lastKnownFileType = sourcecode.swift; path = AppDelegate.swift; sourceTree = "<group>"; };
		7D74A5FF28A1A1EA009C4C70 /* SceneDelegate.swift */ = {isa = PBXFileReference; lastKnownFileType = sourcecode.swift; path = SceneDelegate.swift; sourceTree = "<group>"; };
		7D74A60628A1A1ED009C4C70 /* Assets.xcassets */ = {isa = PBXFileReference; lastKnownFileType = folder.assetcatalog; path = Assets.xcassets; sourceTree = "<group>"; };
		7D74A60928A1A1ED009C4C70 /* Base */ = {isa = PBXFileReference; lastKnownFileType = file.storyboard; name = Base; path = Base.lproj/LaunchScreen.storyboard; sourceTree = "<group>"; };
		7D74A60B28A1A1ED009C4C70 /* Info.plist */ = {isa = PBXFileReference; lastKnownFileType = text.plist.xml; path = Info.plist; sourceTree = "<group>"; };
		7D74A61428A1A2AF009C4C70 /* ExampleViewModel.swift */ = {isa = PBXFileReference; lastKnownFileType = sourcecode.swift; path = ExampleViewModel.swift; sourceTree = "<group>"; };
		7D74A61628A1A2CC009C4C70 /* ExampleModel.swift */ = {isa = PBXFileReference; lastKnownFileType = sourcecode.swift; path = ExampleModel.swift; sourceTree = "<group>"; };
		7D74A61828A1A2DC009C4C70 /* ExampleView.swift */ = {isa = PBXFileReference; lastKnownFileType = sourcecode.swift; path = ExampleView.swift; sourceTree = "<group>"; };
		7D74A61A28A1A2E9009C4C70 /* ModuleBuilder.swift */ = {isa = PBXFileReference; lastKnownFileType = sourcecode.swift; path = ModuleBuilder.swift; sourceTree = "<group>"; };
		7D74A61D28A1A432009C4C70 /* NetworkManager.swift */ = {isa = PBXFileReference; lastKnownFileType = sourcecode.swift; path = NetworkManager.swift; sourceTree = "<group>"; };
		7D74A62328A1AEB4009C4C70 /* Extensions.swift */ = {isa = PBXFileReference; lastKnownFileType = sourcecode.swift; path = Extensions.swift; sourceTree = "<group>"; };
		7DA63A9B28A78F010050E9F3 /* StorageManager.swift */ = {isa = PBXFileReference; lastKnownFileType = sourcecode.swift; path = StorageManager.swift; sourceTree = "<group>"; };
		D62B519328B911DB00BD8421 /* Onboarding.swift */ = {isa = PBXFileReference; lastKnownFileType = sourcecode.swift; path = Onboarding.swift; sourceTree = "<group>"; };
		D62B519628B9122400BD8421 /* OnboardingView.swift */ = {isa = PBXFileReference; lastKnownFileType = sourcecode.swift; path = OnboardingView.swift; sourceTree = "<group>"; };
		D62B519828B9125200BD8421 /* OnboardingContentViewCell.swift */ = {isa = PBXFileReference; lastKnownFileType = sourcecode.swift; path = OnboardingContentViewCell.swift; sourceTree = "<group>"; };
		D62B519B28B912A000BD8421 /* OnboardingViewModel.swift */ = {isa = PBXFileReference; lastKnownFileType = sourcecode.swift; path = OnboardingViewModel.swift; sourceTree = "<group>"; };
		D67FE11028B9019800F0D7B6 /* OnboardingModuleBuilder.swift */ = {isa = PBXFileReference; lastKnownFileType = sourcecode.swift; path = OnboardingModuleBuilder.swift; sourceTree = "<group>"; };
		FA1F095A28AFA5050068FBCA /* Alert.swift */ = {isa = PBXFileReference; lastKnownFileType = sourcecode.swift; path = Alert.swift; sourceTree = "<group>"; };
		FAF5FE5D28A3948100E0913E /* AuthorizationViewController.swift */ = {isa = PBXFileReference; lastKnownFileType = sourcecode.swift; path = AuthorizationViewController.swift; sourceTree = "<group>"; };
		FAF5FE5F28A446AB00E0913E /* RegistrationViewController.swift */ = {isa = PBXFileReference; lastKnownFileType = sourcecode.swift; path = RegistrationViewController.swift; sourceTree = "<group>"; };
		FAF5FE6228A4491900E0913E /* Metric.swift */ = {isa = PBXFileReference; lastKnownFileType = sourcecode.swift; path = Metric.swift; sourceTree = "<group>"; };
		FAF5FE6528A44A3000E0913E /* ModuleBuilderTabBarConrolers.swift */ = {isa = PBXFileReference; lastKnownFileType = sourcecode.swift; path = ModuleBuilderTabBarConrolers.swift; sourceTree = "<group>"; };
		FAF5FE6728A44B2100E0913E /* LessonViewController.swift */ = {isa = PBXFileReference; lastKnownFileType = sourcecode.swift; path = LessonViewController.swift; sourceTree = "<group>"; };
		FAF5FE6928A44BC400E0913E /* SearchViewController.swift */ = {isa = PBXFileReference; lastKnownFileType = sourcecode.swift; path = SearchViewController.swift; sourceTree = "<group>"; };
		FAF5FE6B28A44C9000E0913E /* CalendarViewController.swift */ = {isa = PBXFileReference; lastKnownFileType = sourcecode.swift; path = CalendarViewController.swift; sourceTree = "<group>"; };
		FAF5FE6D28A44D3400E0913E /* PersonViewController.swift */ = {isa = PBXFileReference; lastKnownFileType = sourcecode.swift; path = PersonViewController.swift; sourceTree = "<group>"; };
/* End PBXFileReference section */

/* Begin PBXFrameworksBuildPhase section */
		7D74A5F728A1A1EA009C4C70 /* Frameworks */ = {
			isa = PBXFrameworksBuildPhase;
			buildActionMask = 2147483647;
			files = (
				06EC22CE28C4BC3F001E8AC1 /* Realm in Frameworks */,
			);
			runOnlyForDeploymentPostprocessing = 0;
		};
/* End PBXFrameworksBuildPhase section */

/* Begin PBXGroup section */
		06B5169028AD4D5200CE9F7E /* Extensions */ = {
			isa = PBXGroup;
			children = (
				06B5169128AD4D8200CE9F7E /* ExtensionDate.swift */,
			);
			path = Extensions;
			sourceTree = "<group>";
		};
		06B5169328AD4DE600CE9F7E /* ProfileModule */ = {
			isa = PBXGroup;
			children = (
				06B5169728AD4E3500CE9F7E /* PersonView.swift */,
				FAF5FE6D28A44D3400E0913E /* PersonViewController.swift */,
			);
			path = ProfileModule;
			sourceTree = "<group>";
		};
		06B5169428AD4DF400CE9F7E /* CreateProfileModule */ = {
			isa = PBXGroup;
			children = (
				06B5169B28AD50E900CE9F7E /* CreatePersonView.swift */,
				06B5169D28AD51F800CE9F7E /* CreatePersonViewController.swift */,
			);
			path = CreateProfileModule;
			sourceTree = "<group>";
		};
		7D68E32328A24C2E00A62BC6 /* ExampleTwoModule */ = {
			isa = PBXGroup;
			children = (
				7D68E32428A24C4400A62BC6 /* ExampleTwoView.swift */,
				7D68E32628A24C5300A62BC6 /* ExampleTwoViewModel.swift */,
				7D68E32828A24C5E00A62BC6 /* ExampleTwoModel.swift */,
			);
			path = ExampleTwoModule;
			sourceTree = "<group>";
		};
		7D68E32D28A29A9D00A62BC6 /* TEMPLATE */ = {
			isa = PBXGroup;
			children = (
				7D68E32328A24C2E00A62BC6 /* ExampleTwoModule */,
				7D74A61228A1A261009C4C70 /* ExampleOneModule */,
			);
			path = TEMPLATE;
			sourceTree = "<group>";
		};
		7D74A5F128A1A1EA009C4C70 = {
			isa = PBXGroup;
			children = (
				7D74A5FC28A1A1EA009C4C70 /* MobDevFactoryApp */,
				7D74A5FB28A1A1EA009C4C70 /* Products */,
			);
			sourceTree = "<group>";
		};
		7D74A5FB28A1A1EA009C4C70 /* Products */ = {
			isa = PBXGroup;
			children = (
				7D74A5FA28A1A1EA009C4C70 /* MobDevFactoryApp.app */,
			);
			name = Products;
			sourceTree = "<group>";
		};
		7D74A5FC28A1A1EA009C4C70 /* MobDevFactoryApp */ = {
			isa = PBXGroup;
			children = (
				7D74A61F28A1A550009C4C70 /* Modules */,
				7D74A61C28A1A426009C4C70 /* Managers */,
				7D74A61128A1A256009C4C70 /* App */,
				7D74A61328A1A274009C4C70 /* Sources */,
			);
			path = MobDevFactoryApp;
			sourceTree = "<group>";
		};
		7D74A61128A1A256009C4C70 /* App */ = {
			isa = PBXGroup;
			children = (
				7D74A5FD28A1A1EA009C4C70 /* AppDelegate.swift */,
				7D74A5FF28A1A1EA009C4C70 /* SceneDelegate.swift */,
				7D74A61A28A1A2E9009C4C70 /* ModuleBuilder.swift */,
				FAF5FE6528A44A3000E0913E /* ModuleBuilderTabBarConrolers.swift */,
				D67FE11028B9019800F0D7B6 /* OnboardingModuleBuilder.swift */,
			);
			path = App;
			sourceTree = "<group>";
		};
		7D74A61228A1A261009C4C70 /* ExampleOneModule */ = {
			isa = PBXGroup;
			children = (
				7D74A61428A1A2AF009C4C70 /* ExampleViewModel.swift */,
				7D74A61628A1A2CC009C4C70 /* ExampleModel.swift */,
				7D74A61828A1A2DC009C4C70 /* ExampleView.swift */,
			);
			path = ExampleOneModule;
			sourceTree = "<group>";
		};
		7D74A61328A1A274009C4C70 /* Sources */ = {
			isa = PBXGroup;
			children = (
				FAF5FE5B28A2EE4500E0913E /* Extensions */,
				7D74A60628A1A1ED009C4C70 /* Assets.xcassets */,
				7D74A60828A1A1ED009C4C70 /* LaunchScreen.storyboard */,
				7D74A60B28A1A1ED009C4C70 /* Info.plist */,
			);
			path = Sources;
			sourceTree = "<group>";
		};
		7D74A61C28A1A426009C4C70 /* Managers */ = {
			isa = PBXGroup;
			children = (
				7D74A61D28A1A432009C4C70 /* NetworkManager.swift */,
				7DA63A9B28A78F010050E9F3 /* StorageManager.swift */,
			);
			path = Managers;
			sourceTree = "<group>";
		};
		7D74A61F28A1A550009C4C70 /* Modules */ = {
			isa = PBXGroup;
			children = (
				D68963C428A81326005B9C39 /* OnboardingModule */,
				FAF5FE6428A449B300E0913E /* TabBarViewControlers */,
				FAF5FE6128A4483D00E0913E /* RegistrationViewController */,
				FAF5FE5C28A2EFA900E0913E /* AuthorizationViewController */,
				7D68E32D28A29A9D00A62BC6 /* TEMPLATE */,
			);
			path = Modules;
			sourceTree = "<group>";
		};
		D62B519228B911AB00BD8421 /* Model */ = {
			isa = PBXGroup;
			children = (
				D62B519328B911DB00BD8421 /* Onboarding.swift */,
			);
			path = Model;
			sourceTree = "<group>";
		};
		D62B519528B9121000BD8421 /* View */ = {
			isa = PBXGroup;
			children = (
				D62B519628B9122400BD8421 /* OnboardingView.swift */,
				D62B519828B9125200BD8421 /* OnboardingContentViewCell.swift */,
			);
			path = View;
			sourceTree = "<group>";
		};
		D62B519A28B9127A00BD8421 /* ViewModel */ = {
			isa = PBXGroup;
			children = (
				D62B519B28B912A000BD8421 /* OnboardingViewModel.swift */,
			);
			path = ViewModel;
			sourceTree = "<group>";
		};
		D68963C428A81326005B9C39 /* OnboardingModule */ = {
			isa = PBXGroup;
			children = (
				D62B519228B911AB00BD8421 /* Model */,
				D62B519528B9121000BD8421 /* View */,
				D62B519A28B9127A00BD8421 /* ViewModel */,
			);
			path = OnboardingModule;
			sourceTree = "<group>";
		};
		FAF5FE5B28A2EE4500E0913E /* Extensions */ = {
			isa = PBXGroup;
			children = (
				7D74A62328A1AEB4009C4C70 /* Extensions.swift */,
				FAF5FE6228A4491900E0913E /* Metric.swift */,
			);
			path = Extensions;
			sourceTree = "<group>";
		};
		FAF5FE5C28A2EFA900E0913E /* AuthorizationViewController */ = {
			isa = PBXGroup;
			children = (
				FAF5FE5D28A3948100E0913E /* AuthorizationViewController.swift */,
				FA1F095A28AFA5050068FBCA /* Alert.swift */,
			);
			path = AuthorizationViewController;
			sourceTree = "<group>";
		};
		FAF5FE6128A4483D00E0913E /* RegistrationViewController */ = {
			isa = PBXGroup;
			children = (
				FAF5FE5F28A446AB00E0913E /* RegistrationViewController.swift */,
			);
			path = RegistrationViewController;
			sourceTree = "<group>";
		};
		FAF5FE6428A449B300E0913E /* TabBarViewControlers */ = {
			isa = PBXGroup;
			children = (
				FAF5FE7228A451CD00E0913E /* PersonViewController */,
				FAF5FE7128A4518D00E0913E /* CalendarViewController */,
				FAF5FE7028A4517D00E0913E /* SearchViewController */,
				FAF5FE6F28A4516A00E0913E /* LessonViewController */,
			);
			path = TabBarViewControlers;
			sourceTree = "<group>";
		};
		FAF5FE6F28A4516A00E0913E /* LessonViewController */ = {
			isa = PBXGroup;
			children = (
				FAF5FE6728A44B2100E0913E /* LessonViewController.swift */,
			);
			path = LessonViewController;
			sourceTree = "<group>";
		};
		FAF5FE7028A4517D00E0913E /* SearchViewController */ = {
			isa = PBXGroup;
			children = (
				FAF5FE6928A44BC400E0913E /* SearchViewController.swift */,
			);
			path = SearchViewController;
			sourceTree = "<group>";
		};
		FAF5FE7128A4518D00E0913E /* CalendarViewController */ = {
			isa = PBXGroup;
			children = (
				FAF5FE6B28A44C9000E0913E /* CalendarViewController.swift */,
			);
			path = CalendarViewController;
			sourceTree = "<group>";
		};
		FAF5FE7228A451CD00E0913E /* PersonViewController */ = {
			isa = PBXGroup;
			children = (
				06B5169028AD4D5200CE9F7E /* Extensions */,
				06B5169328AD4DE600CE9F7E /* ProfileModule */,
				06B5169428AD4DF400CE9F7E /* CreateProfileModule */,
			);
			path = PersonViewController;
			sourceTree = "<group>";
		};
/* End PBXGroup section */

/* Begin PBXNativeTarget section */
		7D74A5F928A1A1EA009C4C70 /* MobDevFactoryApp */ = {
			isa = PBXNativeTarget;
			buildConfigurationList = 7D74A60E28A1A1ED009C4C70 /* Build configuration list for PBXNativeTarget "MobDevFactoryApp" */;
			buildPhases = (
				7D74A5F628A1A1EA009C4C70 /* Sources */,
				7D74A5F728A1A1EA009C4C70 /* Frameworks */,
				7D74A5F828A1A1EA009C4C70 /* Resources */,
			);
			buildRules = (
			);
			dependencies = (
			);
			name = MobDevFactoryApp;
			packageProductDependencies = (
				06EC22CD28C4BC3F001E8AC1 /* Realm */,
			);
			productName = MobDevFactoryApp;
			productReference = 7D74A5FA28A1A1EA009C4C70 /* MobDevFactoryApp.app */;
			productType = "com.apple.product-type.application";
		};
/* End PBXNativeTarget section */

/* Begin PBXProject section */
		7D74A5F228A1A1EA009C4C70 /* Project object */ = {
			isa = PBXProject;
			attributes = {
				BuildIndependentTargetsInParallel = 1;
				LastSwiftUpdateCheck = 1340;
				LastUpgradeCheck = 1340;
				TargetAttributes = {
					7D74A5F928A1A1EA009C4C70 = {
						CreatedOnToolsVersion = 13.4.1;
					};
				};
			};
			buildConfigurationList = 7D74A5F528A1A1EA009C4C70 /* Build configuration list for PBXProject "MobDevFactoryApp" */;
			compatibilityVersion = "Xcode 13.0";
			developmentRegion = en;
			hasScannedForEncodings = 0;
			knownRegions = (
				en,
				Base,
			);
			mainGroup = 7D74A5F128A1A1EA009C4C70;
			packageReferences = (
				06EC22CC28C4BC3F001E8AC1 /* XCRemoteSwiftPackageReference "realm-swift" */,
			);
			productRefGroup = 7D74A5FB28A1A1EA009C4C70 /* Products */;
			projectDirPath = "";
			projectRoot = "";
			targets = (
				7D74A5F928A1A1EA009C4C70 /* MobDevFactoryApp */,
			);
		};
/* End PBXProject section */

/* Begin PBXResourcesBuildPhase section */
		7D74A5F828A1A1EA009C4C70 /* Resources */ = {
			isa = PBXResourcesBuildPhase;
			buildActionMask = 2147483647;
			files = (
				7D74A60A28A1A1ED009C4C70 /* LaunchScreen.storyboard in Resources */,
				7D74A60728A1A1ED009C4C70 /* Assets.xcassets in Resources */,
			);
			runOnlyForDeploymentPostprocessing = 0;
		};
/* End PBXResourcesBuildPhase section */

/* Begin PBXSourcesBuildPhase section */
		7D74A5F628A1A1EA009C4C70 /* Sources */ = {
			isa = PBXSourcesBuildPhase;
			buildActionMask = 2147483647;
			files = (
				FAF5FE5E28A3948100E0913E /* AuthorizationViewController.swift in Sources */,
				FAF5FE6E28A44D3400E0913E /* PersonViewController.swift in Sources */,
				7D74A62428A1AEB4009C4C70 /* Extensions.swift in Sources */,
				D62B519C28B912A000BD8421 /* OnboardingViewModel.swift in Sources */,
				D62B519728B9122400BD8421 /* OnboardingView.swift in Sources */,
				FA1F095B28AFA5050068FBCA /* Alert.swift in Sources */,
				7D68E32928A24C5E00A62BC6 /* ExampleTwoModel.swift in Sources */,
				FAF5FE6A28A44BC400E0913E /* SearchViewController.swift in Sources */,
				7D74A61728A1A2CC009C4C70 /* ExampleModel.swift in Sources */,
				FAF5FE6028A446AB00E0913E /* RegistrationViewController.swift in Sources */,
				7DA63A9C28A78F010050E9F3 /* StorageManager.swift in Sources */,
				FAF5FE6C28A44C9000E0913E /* CalendarViewController.swift in Sources */,
				FAF5FE6328A4491900E0913E /* Metric.swift in Sources */,
				7D74A61528A1A2AF009C4C70 /* ExampleViewModel.swift in Sources */,
				7D74A5FE28A1A1EA009C4C70 /* AppDelegate.swift in Sources */,
				06B5169228AD4D8200CE9F7E /* ExtensionDate.swift in Sources */,
				06B5169E28AD51F800CE9F7E /* CreatePersonViewController.swift in Sources */,
				FAF5FE6828A44B2100E0913E /* LessonViewController.swift in Sources */,
				7D74A61E28A1A432009C4C70 /* NetworkManager.swift in Sources */,
				7D74A61B28A1A2E9009C4C70 /* ModuleBuilder.swift in Sources */,
				D67FE11128B9019800F0D7B6 /* OnboardingModuleBuilder.swift in Sources */,
				7D74A60028A1A1EA009C4C70 /* SceneDelegate.swift in Sources */,
				D62B519928B9125200BD8421 /* OnboardingContentViewCell.swift in Sources */,
				D62B519428B911DB00BD8421 /* Onboarding.swift in Sources */,
				7D68E32528A24C4400A62BC6 /* ExampleTwoView.swift in Sources */,
				7D68E32728A24C5300A62BC6 /* ExampleTwoViewModel.swift in Sources */,
				06B5169C28AD50E900CE9F7E /* CreatePersonView.swift in Sources */,
				06B5169828AD4E3500CE9F7E /* PersonView.swift in Sources */,
				7D74A61928A1A2DC009C4C70 /* ExampleView.swift in Sources */,
				FAF5FE6628A44A3000E0913E /* ModuleBuilderTabBarConrolers.swift in Sources */,
			);
			runOnlyForDeploymentPostprocessing = 0;
		};
/* End PBXSourcesBuildPhase section */

/* Begin PBXVariantGroup section */
		7D74A60828A1A1ED009C4C70 /* LaunchScreen.storyboard */ = {
			isa = PBXVariantGroup;
			children = (
				7D74A60928A1A1ED009C4C70 /* Base */,
			);
			name = LaunchScreen.storyboard;
			sourceTree = "<group>";
		};
/* End PBXVariantGroup section */

/* Begin XCBuildConfiguration section */
		7D74A60C28A1A1ED009C4C70 /* Debug */ = {
			isa = XCBuildConfiguration;
			buildSettings = {
				ALWAYS_SEARCH_USER_PATHS = NO;
				CLANG_ANALYZER_NONNULL = YES;
				CLANG_ANALYZER_NUMBER_OBJECT_CONVERSION = YES_AGGRESSIVE;
				CLANG_CXX_LANGUAGE_STANDARD = "gnu++17";
				CLANG_ENABLE_MODULES = YES;
				CLANG_ENABLE_OBJC_ARC = YES;
				CLANG_ENABLE_OBJC_WEAK = YES;
				CLANG_WARN_BLOCK_CAPTURE_AUTORELEASING = YES;
				CLANG_WARN_BOOL_CONVERSION = YES;
				CLANG_WARN_COMMA = YES;
				CLANG_WARN_CONSTANT_CONVERSION = YES;
				CLANG_WARN_DEPRECATED_OBJC_IMPLEMENTATIONS = YES;
				CLANG_WARN_DIRECT_OBJC_ISA_USAGE = YES_ERROR;
				CLANG_WARN_DOCUMENTATION_COMMENTS = YES;
				CLANG_WARN_EMPTY_BODY = YES;
				CLANG_WARN_ENUM_CONVERSION = YES;
				CLANG_WARN_INFINITE_RECURSION = YES;
				CLANG_WARN_INT_CONVERSION = YES;
				CLANG_WARN_NON_LITERAL_NULL_CONVERSION = YES;
				CLANG_WARN_OBJC_IMPLICIT_RETAIN_SELF = YES;
				CLANG_WARN_OBJC_LITERAL_CONVERSION = YES;
				CLANG_WARN_OBJC_ROOT_CLASS = YES_ERROR;
				CLANG_WARN_QUOTED_INCLUDE_IN_FRAMEWORK_HEADER = YES;
				CLANG_WARN_RANGE_LOOP_ANALYSIS = YES;
				CLANG_WARN_STRICT_PROTOTYPES = YES;
				CLANG_WARN_SUSPICIOUS_MOVE = YES;
				CLANG_WARN_UNGUARDED_AVAILABILITY = YES_AGGRESSIVE;
				CLANG_WARN_UNREACHABLE_CODE = YES;
				CLANG_WARN__DUPLICATE_METHOD_MATCH = YES;
				COPY_PHASE_STRIP = NO;
				DEBUG_INFORMATION_FORMAT = dwarf;
				ENABLE_STRICT_OBJC_MSGSEND = YES;
				ENABLE_TESTABILITY = YES;
				GCC_C_LANGUAGE_STANDARD = gnu11;
				GCC_DYNAMIC_NO_PIC = NO;
				GCC_NO_COMMON_BLOCKS = YES;
				GCC_OPTIMIZATION_LEVEL = 0;
				GCC_PREPROCESSOR_DEFINITIONS = (
					"DEBUG=1",
					"$(inherited)",
				);
				GCC_WARN_64_TO_32_BIT_CONVERSION = YES;
				GCC_WARN_ABOUT_RETURN_TYPE = YES_ERROR;
				GCC_WARN_UNDECLARED_SELECTOR = YES;
				GCC_WARN_UNINITIALIZED_AUTOS = YES_AGGRESSIVE;
				GCC_WARN_UNUSED_FUNCTION = YES;
				GCC_WARN_UNUSED_VARIABLE = YES;
				IPHONEOS_DEPLOYMENT_TARGET = 16.0;
				MTL_ENABLE_DEBUG_INFO = INCLUDE_SOURCE;
				MTL_FAST_MATH = YES;
				ONLY_ACTIVE_ARCH = YES;
				SDKROOT = iphoneos;
				SWIFT_ACTIVE_COMPILATION_CONDITIONS = DEBUG;
				SWIFT_OPTIMIZATION_LEVEL = "-Onone";
			};
			name = Debug;
		};
		7D74A60D28A1A1ED009C4C70 /* Release */ = {
			isa = XCBuildConfiguration;
			buildSettings = {
				ALWAYS_SEARCH_USER_PATHS = NO;
				CLANG_ANALYZER_NONNULL = YES;
				CLANG_ANALYZER_NUMBER_OBJECT_CONVERSION = YES_AGGRESSIVE;
				CLANG_CXX_LANGUAGE_STANDARD = "gnu++17";
				CLANG_ENABLE_MODULES = YES;
				CLANG_ENABLE_OBJC_ARC = YES;
				CLANG_ENABLE_OBJC_WEAK = YES;
				CLANG_WARN_BLOCK_CAPTURE_AUTORELEASING = YES;
				CLANG_WARN_BOOL_CONVERSION = YES;
				CLANG_WARN_COMMA = YES;
				CLANG_WARN_CONSTANT_CONVERSION = YES;
				CLANG_WARN_DEPRECATED_OBJC_IMPLEMENTATIONS = YES;
				CLANG_WARN_DIRECT_OBJC_ISA_USAGE = YES_ERROR;
				CLANG_WARN_DOCUMENTATION_COMMENTS = YES;
				CLANG_WARN_EMPTY_BODY = YES;
				CLANG_WARN_ENUM_CONVERSION = YES;
				CLANG_WARN_INFINITE_RECURSION = YES;
				CLANG_WARN_INT_CONVERSION = YES;
				CLANG_WARN_NON_LITERAL_NULL_CONVERSION = YES;
				CLANG_WARN_OBJC_IMPLICIT_RETAIN_SELF = YES;
				CLANG_WARN_OBJC_LITERAL_CONVERSION = YES;
				CLANG_WARN_OBJC_ROOT_CLASS = YES_ERROR;
				CLANG_WARN_QUOTED_INCLUDE_IN_FRAMEWORK_HEADER = YES;
				CLANG_WARN_RANGE_LOOP_ANALYSIS = YES;
				CLANG_WARN_STRICT_PROTOTYPES = YES;
				CLANG_WARN_SUSPICIOUS_MOVE = YES;
				CLANG_WARN_UNGUARDED_AVAILABILITY = YES_AGGRESSIVE;
				CLANG_WARN_UNREACHABLE_CODE = YES;
				CLANG_WARN__DUPLICATE_METHOD_MATCH = YES;
				COPY_PHASE_STRIP = NO;
				DEBUG_INFORMATION_FORMAT = "dwarf-with-dsym";
				ENABLE_NS_ASSERTIONS = NO;
				ENABLE_STRICT_OBJC_MSGSEND = YES;
				GCC_C_LANGUAGE_STANDARD = gnu11;
				GCC_NO_COMMON_BLOCKS = YES;
				GCC_WARN_64_TO_32_BIT_CONVERSION = YES;
				GCC_WARN_ABOUT_RETURN_TYPE = YES_ERROR;
				GCC_WARN_UNDECLARED_SELECTOR = YES;
				GCC_WARN_UNINITIALIZED_AUTOS = YES_AGGRESSIVE;
				GCC_WARN_UNUSED_FUNCTION = YES;
				GCC_WARN_UNUSED_VARIABLE = YES;
				IPHONEOS_DEPLOYMENT_TARGET = 16.0;
				MTL_ENABLE_DEBUG_INFO = NO;
				MTL_FAST_MATH = YES;
				SDKROOT = iphoneos;
				SWIFT_COMPILATION_MODE = wholemodule;
				SWIFT_OPTIMIZATION_LEVEL = "-O";
				VALIDATE_PRODUCT = YES;
			};
			name = Release;
		};
		7D74A60F28A1A1ED009C4C70 /* Debug */ = {
			isa = XCBuildConfiguration;
			buildSettings = {
				ASSETCATALOG_COMPILER_APPICON_NAME = AppIcon;
				ASSETCATALOG_COMPILER_GLOBAL_ACCENT_COLOR_NAME = AccentColor;
				CODE_SIGN_STYLE = Automatic;
				CURRENT_PROJECT_VERSION = 1;
				DEVELOPMENT_TEAM = KLXCSA6KUV;
				GENERATE_INFOPLIST_FILE = YES;
				INFOPLIST_FILE = MobDevFactoryApp/Sources/Info.plist;
				INFOPLIST_KEY_UIApplicationSupportsIndirectInputEvents = YES;
				INFOPLIST_KEY_UILaunchStoryboardName = LaunchScreen;
				INFOPLIST_KEY_UISupportedInterfaceOrientations = UIInterfaceOrientationPortrait;
				INFOPLIST_KEY_UISupportedInterfaceOrientations_iPad = "UIInterfaceOrientationPortrait UIInterfaceOrientationPortraitUpsideDown UIInterfaceOrientationLandscapeLeft UIInterfaceOrientationLandscapeRight";
				INFOPLIST_KEY_UISupportedInterfaceOrientations_iPhone = "UIInterfaceOrientationPortrait UIInterfaceOrientationLandscapeLeft UIInterfaceOrientationLandscapeRight";
				IPHONEOS_DEPLOYMENT_TARGET = 15.0;
				LD_RUNPATH_SEARCH_PATHS = (
					"$(inherited)",
					"@executable_path/Frameworks",
				);
				MARKETING_VERSION = 1.0;
				PRODUCT_BUNDLE_IDENTIFIER = DimkaVinka.MobDevFactoryApp;
				PRODUCT_NAME = "$(TARGET_NAME)";
				SWIFT_EMIT_LOC_STRINGS = YES;
				SWIFT_VERSION = 5.0;
				TARGETED_DEVICE_FAMILY = "1,2";
			};
			name = Debug;
		};
		7D74A61028A1A1ED009C4C70 /* Release */ = {
			isa = XCBuildConfiguration;
			buildSettings = {
				ASSETCATALOG_COMPILER_APPICON_NAME = AppIcon;
				ASSETCATALOG_COMPILER_GLOBAL_ACCENT_COLOR_NAME = AccentColor;
				CODE_SIGN_STYLE = Automatic;
				CURRENT_PROJECT_VERSION = 1;
				DEVELOPMENT_TEAM = KLXCSA6KUV;
				GENERATE_INFOPLIST_FILE = YES;
				INFOPLIST_FILE = MobDevFactoryApp/Sources/Info.plist;
				INFOPLIST_KEY_UIApplicationSupportsIndirectInputEvents = YES;
				INFOPLIST_KEY_UILaunchStoryboardName = LaunchScreen;
				INFOPLIST_KEY_UISupportedInterfaceOrientations = UIInterfaceOrientationPortrait;
				INFOPLIST_KEY_UISupportedInterfaceOrientations_iPad = "UIInterfaceOrientationPortrait UIInterfaceOrientationPortraitUpsideDown UIInterfaceOrientationLandscapeLeft UIInterfaceOrientationLandscapeRight";
				INFOPLIST_KEY_UISupportedInterfaceOrientations_iPhone = "UIInterfaceOrientationPortrait UIInterfaceOrientationLandscapeLeft UIInterfaceOrientationLandscapeRight";
				IPHONEOS_DEPLOYMENT_TARGET = 15.0;
				LD_RUNPATH_SEARCH_PATHS = (
					"$(inherited)",
					"@executable_path/Frameworks",
				);
				MARKETING_VERSION = 1.0;
				PRODUCT_BUNDLE_IDENTIFIER = DimkaVinka.MobDevFactoryApp;
				PRODUCT_NAME = "$(TARGET_NAME)";
				SWIFT_EMIT_LOC_STRINGS = YES;
				SWIFT_VERSION = 5.0;
				TARGETED_DEVICE_FAMILY = "1,2";
			};
			name = Release;
		};
/* End XCBuildConfiguration section */

/* Begin XCConfigurationList section */
		7D74A5F528A1A1EA009C4C70 /* Build configuration list for PBXProject "MobDevFactoryApp" */ = {
			isa = XCConfigurationList;
			buildConfigurations = (
				7D74A60C28A1A1ED009C4C70 /* Debug */,
				7D74A60D28A1A1ED009C4C70 /* Release */,
			);
			defaultConfigurationIsVisible = 0;
			defaultConfigurationName = Release;
		};
		7D74A60E28A1A1ED009C4C70 /* Build configuration list for PBXNativeTarget "MobDevFactoryApp" */ = {
			isa = XCConfigurationList;
			buildConfigurations = (
				7D74A60F28A1A1ED009C4C70 /* Debug */,
				7D74A61028A1A1ED009C4C70 /* Release */,
			);
			defaultConfigurationIsVisible = 0;
			defaultConfigurationName = Release;
		};
/* End XCConfigurationList section */

/* Begin XCRemoteSwiftPackageReference section */
		06EC22CC28C4BC3F001E8AC1 /* XCRemoteSwiftPackageReference "realm-swift" */ = {
			isa = XCRemoteSwiftPackageReference;
			repositoryURL = "https://github.com/realm/realm-swift";
			requirement = {
				branch = master;
				kind = branch;
			};
		};
/* End XCRemoteSwiftPackageReference section */

/* Begin XCSwiftPackageProductDependency section */
		06EC22CD28C4BC3F001E8AC1 /* Realm */ = {
			isa = XCSwiftPackageProductDependency;
			package = 06EC22CC28C4BC3F001E8AC1 /* XCRemoteSwiftPackageReference "realm-swift" */;
			productName = Realm;
		};
/* End XCSwiftPackageProductDependency section */
	};
	rootObject = 7D74A5F228A1A1EA009C4C70 /* Project object */;
}
